
Microsoft Visual Studio Solution File, Format Version 12.00
# Visual Studio Version 17
VisualStudioVersion = 17.6.33829.357
MinimumVisualStudioVersion = 10.0.40219.1
Project("{FAE04EC0-301F-11D3-BF4B-00C04F79EFBC}") = "DigitsOfRoot", "DigitsOfRoot\DigitsOfRoot.csproj", "{60168B15-21E7-45CD-8EFB-1415A15007B2}"
EndProject
Global
	GlobalSection(SolutionConfigurationPlatforms) = preSolution
		Debug|Any CPU = Debug|Any CPU
		Release|Any CPU = Release|Any CPU
	EndGlobalSection
	GlobalSection(ProjectConfigurationPlatforms) = postSolution
		{60168B15-21E7-45CD-8EFB-1415A15007B2}.Debug|Any CPU.ActiveCfg = Debug|Any CPU
		{60168B15-21E7-45CD-8EFB-1415A15007B2}.Debug|Any CPU.Build.0 = Debug|Any CPU
		{60168B15-21E7-45CD-8EFB-1415A15007B2}.Release|Any CPU.ActiveCfg = Release|Any CPU
		{60168B15-21E7-45CD-8EFB-1415A15007B2}.Release|Any CPU.Build.0 = Release|Any CPU
	EndGlobalSection
	GlobalSection(SolutionProperties) = preSolution
		HideSolutionNode = FALSE
	EndGlobalSection
	GlobalSection(ExtensibilityGlobals) = postSolution
		SolutionGuid = {09E89D1F-5AEE-4C5E-9AFA-AD1F9865F319}
	EndGlobalSection
EndGlobal
